
Microsoft Visual Studio Solution File, Format Version 12.00
# Visual Studio 2013
VisualStudioVersion = 12.0.30110.0
MinimumVisualStudioVersion = 10.0.40219.1
Project("{2150E333-8FDC-42A3-9474-1A3956D46DE8}") = "Server", "Server", "{CBBB8413-AF0C-449D-A734-B5EC9BB05EA1}"
EndProject
Project("{FAE04EC0-301F-11D3-BF4B-00C04F79EFBC}") = "LeagueStatistics.Server.Infrastructure", "Server\LeagueStatistics.Server.Infrastructure\LeagueStatistics.Server.Infrastructure.csproj", "{BA5E4904-9013-4FB1-A14B-86BAF3AA538C}"
EndProject
Project("{2150E333-8FDC-42A3-9474-1A3956D46DE8}") = "Shared", "Shared", "{2F3E5E87-1AE3-4E15-BC93-12643724AEB1}"
EndProject
Project("{FAE04EC0-301F-11D3-BF4B-00C04F79EFBC}") = "LeagueStatistics.Shared", "Shared\LeagueStatistics.Shared\LeagueStatistics.Shared.csproj", "{AC542001-B662-4D7D-9888-EA10FD91D494}"
EndProject
Project("{FAE04EC0-301F-11D3-BF4B-00C04F79EFBC}") = "LeagueStatistics.Server.Abstractions", "Server\LeagueStatistics.Server.Abstractions\LeagueStatistics.Server.Abstractions.csproj", "{C467A8C9-CB5A-4F7B-9364-349CE54AB99B}"
EndProject
Project("{2150E333-8FDC-42A3-9474-1A3956D46DE8}") = "Tests", "Tests", "{BD6EC8AE-32C0-4D1B-8A13-AE7B9B84DC21}"
EndProject
Project("{FAE04EC0-301F-11D3-BF4B-00C04F79EFBC}") = "LeagueStatistics.Server.Host", "Server\LeagueStatistics.Server.Host\LeagueStatistics.Server.Host.csproj", "{096E3B36-3992-4C1B-8036-8FA5DE2D1D69}"
EndProject
Global
	GlobalSection(SolutionConfigurationPlatforms) = preSolution
		Debug|Any CPU = Debug|Any CPU
		Release|Any CPU = Release|Any CPU
	EndGlobalSection
	GlobalSection(ProjectConfigurationPlatforms) = postSolution
		{BA5E4904-9013-4FB1-A14B-86BAF3AA538C}.Debug|Any CPU.ActiveCfg = Debug|Any CPU
		{BA5E4904-9013-4FB1-A14B-86BAF3AA538C}.Debug|Any CPU.Build.0 = Debug|Any CPU
		{BA5E4904-9013-4FB1-A14B-86BAF3AA538C}.Release|Any CPU.ActiveCfg = Release|Any CPU
		{BA5E4904-9013-4FB1-A14B-86BAF3AA538C}.Release|Any CPU.Build.0 = Release|Any CPU
		{AC542001-B662-4D7D-9888-EA10FD91D494}.Debug|Any CPU.ActiveCfg = Debug|Any CPU
		{AC542001-B662-4D7D-9888-EA10FD91D494}.Debug|Any CPU.Build.0 = Debug|Any CPU
		{AC542001-B662-4D7D-9888-EA10FD91D494}.Release|Any CPU.ActiveCfg = Release|Any CPU
		{AC542001-B662-4D7D-9888-EA10FD91D494}.Release|Any CPU.Build.0 = Release|Any CPU
		{C467A8C9-CB5A-4F7B-9364-349CE54AB99B}.Debug|Any CPU.ActiveCfg = Debug|Any CPU
		{C467A8C9-CB5A-4F7B-9364-349CE54AB99B}.Debug|Any CPU.Build.0 = Debug|Any CPU
		{C467A8C9-CB5A-4F7B-9364-349CE54AB99B}.Release|Any CPU.ActiveCfg = Release|Any CPU
		{C467A8C9-CB5A-4F7B-9364-349CE54AB99B}.Release|Any CPU.Build.0 = Release|Any CPU
		{096E3B36-3992-4C1B-8036-8FA5DE2D1D69}.Debug|Any CPU.ActiveCfg = Debug|Any CPU
		{096E3B36-3992-4C1B-8036-8FA5DE2D1D69}.Debug|Any CPU.Build.0 = Debug|Any CPU
		{096E3B36-3992-4C1B-8036-8FA5DE2D1D69}.Release|Any CPU.ActiveCfg = Release|Any CPU
		{096E3B36-3992-4C1B-8036-8FA5DE2D1D69}.Release|Any CPU.Build.0 = Release|Any CPU
	EndGlobalSection
	GlobalSection(SolutionProperties) = preSolution
		HideSolutionNode = FALSE
	EndGlobalSection
	GlobalSection(NestedProjects) = preSolution
		{BA5E4904-9013-4FB1-A14B-86BAF3AA538C} = {CBBB8413-AF0C-449D-A734-B5EC9BB05EA1}
		{C467A8C9-CB5A-4F7B-9364-349CE54AB99B} = {CBBB8413-AF0C-449D-A734-B5EC9BB05EA1}
		{096E3B36-3992-4C1B-8036-8FA5DE2D1D69} = {CBBB8413-AF0C-449D-A734-B5EC9BB05EA1}
		{AC542001-B662-4D7D-9888-EA10FD91D494} = {2F3E5E87-1AE3-4E15-BC93-12643724AEB1}
	EndGlobalSection
EndGlobal
